
Microsoft Visual Studio Solution File, Format Version 12.00
# Visual Studio Version 17
VisualStudioVersion = 17.13.35806.99 d17.13
MinimumVisualStudioVersion = 10.0.40219.1
Project("{FAE04EC0-301F-11D3-BF4B-00C04F79EFBC}") = "VideoScripts", "VideoScripts.csproj", "{BEDED676-6BF9-4E71-B6EB-526712E4D031}"
EndProject
Global
	GlobalSection(SolutionConfigurationPlatforms) = preSolution
		Debug|Any CPU = Debug|Any CPU
		Release|Any CPU = Release|Any CPU
	EndGlobalSection
	GlobalSection(ProjectConfigurationPlatforms) = postSolution
		{BEDED676-6BF9-4E71-B6EB-526712E4D031}.Debug|Any CPU.ActiveCfg = Debug|Any CPU
		{BEDED676-6BF9-4E71-B6EB-526712E4D031}.Debug|Any CPU.Build.0 = Debug|Any CPU
		{BEDED676-6BF9-4E71-B6EB-526712E4D031}.Release|Any CPU.ActiveCfg = Release|Any CPU
		{BEDED676-6BF9-4E71-B6EB-526712E4D031}.Release|Any CPU.Build.0 = Release|Any CPU
	EndGlobalSection
	GlobalSection(SolutionProperties) = preSolution
		HideSolutionNode = FALSE
	EndGlobalSection
	GlobalSection(ExtensibilityGlobals) = postSolution
		SolutionGuid = {11CD8A1F-3D5C-4D05-BA12-59E5BA9F8407}
	EndGlobalSection
EndGlobal
